GEM
  remote: https://rubygems.org/
  specs:
    base64 (0.3.0)
    bigdecimal (4.1.2)
    logger (1.7.0)
    mustermann (3.1.1)
    nio4r (2.7.5)
    puma (8.0.1)
      nio4r (~> 2.0)
    rack (3.2.6)
    rack-protection (4.2.1)
      base64 (>= 0.1.0)
      logger (>= 1.6.0)
      rack (>= 3.0.0, < 4)
    rack-session (2.1.2)
      base64 (>= 0.1.0)
      rack (>= 3.0.0)
    sequel (5.103.0)
      bigdecimal
    sinatra (4.2.1)
      logger (>= 1.6.0)
      mustermann (~> 3.0)
      rack (>= 3.0.0, < 4)
      rack-protection (= 4.2.1)
      rack-session (>= 2.0.0, < 3)
      tilt (~> 2.0)
    sinatra-sequel (0.9.0)
      sequel (>= 3.2.0)
      sinatra (>= 0.9.4)
    sqlite3 (2.9.3-x86_64-linux-gnu)
    tilt (2.7.0)

PLATFORMS
  x86_64-linux-gnu

DEPENDENCIES
  puma
  sequel (~> 5.0)
  sinatra (~> 4.0)
  sinatra-sequel
  sqlite3

BUNDLED WITH
   2.4.19
